
Microsoft Visual Studio Solution File, Format Version 12.00
# Visual Studio 14
VisualStudioVersion = 14.0.25420.1
MinimumVisualStudioVersion = 10.0.40219.1
Project("{FAE04EC0-301F-11D3-BF4B-00C04F79EFBC}") = "ES.WebApi", "ES.WebApi\ES.WebApi.csproj", "{F5FE7420-0709-49EC-AE61-706F59957264}"
EndProject
Project("{FAE04EC0-301F-11D3-BF4B-00C04F79EFBC}") = "ES.BAL", "..\ES.BAL\ES.BAL.csproj", "{AA429F95-9F75-4722-9AF9-13FBA9005F3F}"
EndProject
Project("{FAE04EC0-301F-11D3-BF4B-00C04F79EFBC}") = "ES.DAL", "..\ES.DAL\ES.DAL.csproj", "{AF7BBCCD-AB66-4A93-A297-A7BADFFA82ED}"
EndProject
Project("{FAE04EC0-301F-11D3-BF4B-00C04F79EFBC}") = "ES.MODELS", "..\ES.MODELS\ES.MODELS.csproj", "{A2366F09-357E-4AAB-80E4-50C40302FDFF}"
EndProject
Project("{FAE04EC0-301F-11D3-BF4B-00C04F79EFBC}") = "ESTest", "ESTest\ESTest.csproj", "{40FE8EDA-06E7-4B3B-93DA-DC18E559EAFC}"
EndProject
Global
	GlobalSection(SolutionConfigurationPlatforms) = preSolution
		Debug|Any CPU = Debug|Any CPU
		Release|Any CPU = Release|Any CPU
	EndGlobalSection
	GlobalSection(ProjectConfigurationPlatforms) = postSolution
		{F5FE7420-0709-49EC-AE61-706F59957264}.Debug|Any CPU.ActiveCfg = Debug|Any CPU
		{F5FE7420-0709-49EC-AE61-706F59957264}.Debug|Any CPU.Build.0 = Debug|Any CPU
		{F5FE7420-0709-49EC-AE61-706F59957264}.Release|Any CPU.ActiveCfg = Release|Any CPU
		{F5FE7420-0709-49EC-AE61-706F59957264}.Release|Any CPU.Build.0 = Release|Any CPU
		{AA429F95-9F75-4722-9AF9-13FBA9005F3F}.Debug|Any CPU.ActiveCfg = Debug|Any CPU
		{AA429F95-9F75-4722-9AF9-13FBA9005F3F}.Debug|Any CPU.Build.0 = Debug|Any CPU
		{AA429F95-9F75-4722-9AF9-13FBA9005F3F}.Release|Any CPU.ActiveCfg = Release|Any CPU
		{AA429F95-9F75-4722-9AF9-13FBA9005F3F}.Release|Any CPU.Build.0 = Release|Any CPU
		{AF7BBCCD-AB66-4A93-A297-A7BADFFA82ED}.Debug|Any CPU.ActiveCfg = Debug|Any CPU
		{AF7BBCCD-AB66-4A93-A297-A7BADFFA82ED}.Debug|Any CPU.Build.0 = Debug|Any CPU
		{AF7BBCCD-AB66-4A93-A297-A7BADFFA82ED}.Release|Any CPU.ActiveCfg = Release|Any CPU
		{AF7BBCCD-AB66-4A93-A297-A7BADFFA82ED}.Release|Any CPU.Build.0 = Release|Any CPU
		{A2366F09-357E-4AAB-80E4-50C40302FDFF}.Debug|Any CPU.ActiveCfg = Debug|Any CPU
		{A2366F09-357E-4AAB-80E4-50C40302FDFF}.Debug|Any CPU.Build.0 = Debug|Any CPU
		{A2366F09-357E-4AAB-80E4-50C40302FDFF}.Release|Any CPU.ActiveCfg = Release|Any CPU
		{A2366F09-357E-4AAB-80E4-50C40302FDFF}.Release|Any CPU.Build.0 = Release|Any CPU
		{40FE8EDA-06E7-4B3B-93DA-DC18E559EAFC}.Debug|Any CPU.ActiveCfg = Debug|Any CPU
		{40FE8EDA-06E7-4B3B-93DA-DC18E559EAFC}.Debug|Any CPU.Build.0 = Debug|Any CPU
		{40FE8EDA-06E7-4B3B-93DA-DC18E559EAFC}.Release|Any CPU.ActiveCfg = Release|Any CPU
		{40FE8EDA-06E7-4B3B-93DA-DC18E559EAFC}.Release|Any CPU.Build.0 = Release|Any CPU
	EndGlobalSection
	GlobalSection(SolutionProperties) = preSolution
		HideSolutionNode = FALSE
	EndGlobalSection
EndGlobal
